PODS:
  - AFNetworking (2.5.0):
    - AFNetworking/NSURLConnection (= 2.5.0)
    - AFNetworking/NSURLSession (= 2.5.0)
    - AFNetworking/Reachability (= 2.5.0)
    - AFNetworking/Security (= 2.5.0)
    - AFNetworking/Serialization (= 2.5.0)
    - AFNetworking/UIKit (= 2.5.0)
  - AFNetworking/NSURLConnection (2.5.0):
    - AFNetworking/Reachability
    - AFNetworking/Security
    - AFNetworking/Serialization
  - AFNetworking/NSURLSession (2.5.0):
    - AFNetworking/Reachability
    - AFNetworking/Security
    - AFNetworking/Serialization
  - AFNetworking/Reachability (2.5.0)
  - AFNetworking/Security (2.5.0)
  - AFNetworking/Serialization (2.5.0)
  - AFNetworking/UIKit (2.5.0):
    - AFNetworking/NSURLConnection
    - AFNetworking/NSURLSession
  - CocoaAsyncSocket (7.3.5)
  - CocoaLumberjack (1.9.2):
    - CocoaLumberjack/Extensions (= 1.9.2)
  - CocoaLumberjack/Core (1.9.2)
  - CocoaLumberjack/Extensions (1.9.2):
    - CocoaLumberjack/Core
  - CPAProxy (1.0.0):
    - CocoaAsyncSocket
  - FormatterKit/TimeIntervalFormatter (1.7.2)
  - InAppSettingsKit (2.2)
  - Mantle (1.5.1):
    - Mantle/extobjc (= 1.5.1)
  - Mantle/extobjc (1.5.1)
  - Ono (1.1.3)
  - PureLayout (2.0.1)
  - RSSAtomKit (0.1.0):
    - AFNetworking (~> 2.5)
    - Mantle (~> 1.5)
    - Ono (~> 1.1)
  - SQLCipher/common (3.1.0)
  - SQLCipher/fts (3.1.0):
    - SQLCipher/common
  - wpxmlrpc (0.5)
  - YapDatabase/common (2.5.3):
    - CocoaLumberjack (~> 1)
  - YapDatabase/SQLCipher (2.5.3):
    - SQLCipher/fts
    - YapDatabase/common

DEPENDENCIES:
  - CPAProxy (from `Submodules/CPAProxy/CPAProxy.podspec`)
  - FormatterKit/TimeIntervalFormatter (~> 1.6)
  - InAppSettingsKit (~> 2.2)
  - Mantle (~> 1.4)
  - PureLayout (~> 2.0)
  - RSSAtomKit (from `Submodules/RSSAtomKit/RSSAtomKit.podspec`)
  - wpxmlrpc (~> 0.5)
  - YapDatabase/SQLCipher (~> 2.5)

EXTERNAL SOURCES:
  CPAProxy:
    :path: Submodules/CPAProxy/CPAProxy.podspec
  RSSAtomKit:
    :path: Submodules/RSSAtomKit/RSSAtomKit.podspec

SPEC CHECKSUMS:
  AFNetworking: 0f54cb5d16ce38c1b76948faffb8d5fb705021c7
  CocoaAsyncSocket: 45bdbbc1c0a5ed0640ff4c42af325ba43a2f099a
  CocoaLumberjack: 205769c032b5fef85b92472046bcc8b7e7c8a817
  CPAProxy: c3df549999514de2c04633d20a79b00daf627ddb
  FormatterKit: 230f6ae7a6e9ac468cb09b3ac2b7524effc8daaa
  InAppSettingsKit: 08d5d21057973c5fd6cd9f7063fc27f73aa0d7a3
  Mantle: d7c5ac734579ec751c58fecbf56189853056c58c
  Ono: cf5cb37c76225200d6f063e4189c15b4b6c9d5fe
  PureLayout: 12eca5b6dc94f1a03fdf255d640604584ff1b55b
  RSSAtomKit: a689044708487c394d9ef4348571f8fd1d6c4d0f
  SQLCipher: 981110217eb93c2779c34fb59e646a1c1da918d8
  wpxmlrpc: cf73cf957505e71e90f6f98a25615291ecee411c
  YapDatabase: 096e860167b04e629b88bea33dfb7a4153279bb0

COCOAPODS: 0.35.0
