PODS:
  - CocoaAsyncSocket (7.3.5)
  - CocoaLumberjack (1.9.2):
    - CocoaLumberjack/Extensions
  - CocoaLumberjack/Core (1.9.2)
  - CocoaLumberjack/Extensions (1.9.2):
    - CocoaLumberjack/Core
  - CPAProxy (1.0.0):
    - CocoaAsyncSocket (~> 7.3)
  - FormatterKit/TimeIntervalFormatter (1.7.2)
  - InAppSettingsKit (2.2)
  - Mantle (1.5.1):
    - Mantle/extobjc
  - Mantle/extobjc (1.5.1)
  - MWFeedParser (1.0.1):
    - MWFeedParser/FeedParser
    - MWFeedParser/NSDate+InternetDateTime
    - MWFeedParser/NSString+HTML
  - MWFeedParser/FeedParser (1.0.1):
    - MWFeedParser/NSDate+InternetDateTime
    - MWFeedParser/NSString+HTML
  - MWFeedParser/NSDate+InternetDateTime (1.0.1)
  - MWFeedParser/NSString+HTML (1.0.1)
  - PureLayout (2.0.1)
  - SQLCipher/common (3.1.0)
  - SQLCipher/fts (3.1.0):
    - SQLCipher/common
  - wpxmlrpc (0.5)
  - YapDatabase/common (2.5.3):
    - CocoaLumberjack (~> 1)
  - YapDatabase/SQLCipher (2.5.3):
    - SQLCipher/fts
    - YapDatabase/common

DEPENDENCIES:
  - CPAProxy (from `https://github.com/ursachec/CPAProxy.git`)
  - FormatterKit/TimeIntervalFormatter (~> 1.6)
  - InAppSettingsKit (~> 2.2)
  - Mantle (~> 1.4)
  - MWFeedParser (~> 1.0)
  - PureLayout (~> 2.0)
  - wpxmlrpc (~> 0.5)
  - YapDatabase/SQLCipher (~> 2.5)

EXTERNAL SOURCES:
  CPAProxy:
    :git: https://github.com/ursachec/CPAProxy.git

SPEC CHECKSUMS:
  CocoaAsyncSocket: 45bdbbc1c0a5ed0640ff4c42af325ba43a2f099a
  CocoaLumberjack: 205769c032b5fef85b92472046bcc8b7e7c8a817
  CPAProxy: 46859765bfe23a93286ab0e86bb53897a887205f
  FormatterKit: 230f6ae7a6e9ac468cb09b3ac2b7524effc8daaa
  InAppSettingsKit: 08d5d21057973c5fd6cd9f7063fc27f73aa0d7a3
  Mantle: d7c5ac734579ec751c58fecbf56189853056c58c
  MWFeedParser: 003cbf5398e99a7f2057fbe9583054fd1b84be72
  PureLayout: 12eca5b6dc94f1a03fdf255d640604584ff1b55b
  SQLCipher: 981110217eb93c2779c34fb59e646a1c1da918d8
  wpxmlrpc: cf73cf957505e71e90f6f98a25615291ecee411c
  YapDatabase: 096e860167b04e629b88bea33dfb7a4153279bb0

COCOAPODS: 0.34.4
