// !$*UTF8*$!
{
	archiveVersion = 1;
	classes = {
	};
	objectVersion = 46;
	objects = {

/* Begin PBXBuildFile section */
		920582881A6EA25000E152D9 /* SCRGradientBackgroundView.m in Sources */ = {isa = PBXBuildFile; fileRef = 920582871A6EA25000E152D9 /* SCRGradientBackgroundView.m */; };
		9205828B1A6EA80900E152D9 /* SCRAuthorView.m in Sources */ = {isa = PBXBuildFile; fileRef = 9205828A1A6EA80900E152D9 /* SCRAuthorView.m */; };
		9205828D1A6EA8F500E152D9 /* SCRAuthorView.xib in Resources */ = {isa = PBXBuildFile; fileRef = 9205828C1A6EA8F500E152D9 /* SCRAuthorView.xib */; };
		921135771A7A70D40049D82B /* SCRFeedListViewController.m in Sources */ = {isa = PBXBuildFile; fileRef = 921135761A7A70D40049D82B /* SCRFeedListViewController.m */; };
		922DC28019FE920C00FB1274 /* SCRFeedViewController.m in Sources */ = {isa = PBXBuildFile; fileRef = 922DC27F19FE920C00FB1274 /* SCRFeedViewController.m */; };
		9239049E1A07E365004EEE7E /* background_debut_light.png in Resources */ = {isa = PBXBuildFile; fileRef = 9239049D1A07E365004EEE7E /* background_debut_light.png */; };
		92458CC71A6D4E4600C17EFA /* SCRReader.m in Sources */ = {isa = PBXBuildFile; fileRef = 92458CC61A6D4E4600C17EFA /* SCRReader.m */; };
		924BBFC01A08DCEB00A32940 /* InAppSettings.bundle in Resources */ = {isa = PBXBuildFile; fileRef = 924BBFBF1A08DCEB00A32940 /* InAppSettings.bundle */; };
		925AE5801A404161001E182F /* SCRMoreViewController.m in Sources */ = {isa = PBXBuildFile; fileRef = 925AE57F1A404161001E182F /* SCRMoreViewController.m */; };
		9279F8001A67B4E90029572B /* ic_action2_chat.png in Resources */ = {isa = PBXBuildFile; fileRef = 9279F7FC1A67B4E90029572B /* ic_action2_chat.png */; };
		9279F8011A67B4E90029572B /* ic_action2_favorite.png in Resources */ = {isa = PBXBuildFile; fileRef = 9279F7FD1A67B4E90029572B /* ic_action2_favorite.png */; };
		9279F8021A67B4E90029572B /* ic_action2_font.png in Resources */ = {isa = PBXBuildFile; fileRef = 9279F7FE1A67B4E90029572B /* ic_action2_font.png */; };
		9279F8031A67B4E90029572B /* ic_action2_share.png in Resources */ = {isa = PBXBuildFile; fileRef = 9279F7FF1A67B4E90029572B /* ic_action2_share.png */; };
		9279F8061A67B9300029572B /* UIBarItem+Theming.m in Sources */ = {isa = PBXBuildFile; fileRef = 9279F8051A67B9300029572B /* UIBarItem+Theming.m */; };
		9279F8081A67E2940029572B /* SCRItemCellNoPhotos.xib in Resources */ = {isa = PBXBuildFile; fileRef = 9279F8071A67E2940029572B /* SCRItemCellNoPhotos.xib */; };
		9279F80A1A67FBE50029572B /* SCRItemCellLandscapePhotos.xib in Resources */ = {isa = PBXBuildFile; fileRef = 9279F8091A67FBE50029572B /* SCRItemCellLandscapePhotos.xib */; };
		928036661A2776BE0081801A /* content.txt in Resources */ = {isa = PBXBuildFile; fileRef = 928036651A2776BE0081801A /* content.txt */; };
		928036691A27D4FF0081801A /* SCRItemPageViewController.m in Sources */ = {isa = PBXBuildFile; fileRef = 928036681A27D4FF0081801A /* SCRItemPageViewController.m */; };
		9284FA741A3899730085638D /* ic_panic_down.png in Resources */ = {isa = PBXBuildFile; fileRef = 9284FA701A3899730085638D /* ic_panic_down.png */; };
		9284FA751A3899730085638D /* ic_panic_down@2x.png in Resources */ = {isa = PBXBuildFile; fileRef = 9284FA711A3899730085638D /* ic_panic_down@2x.png */; };
		9284FA761A3899730085638D /* ic_panic_lg.png in Resources */ = {isa = PBXBuildFile; fileRef = 9284FA721A3899730085638D /* ic_panic_lg.png */; };
		9284FA771A3899730085638D /* ic_panic_lg@2x.png in Resources */ = {isa = PBXBuildFile; fileRef = 9284FA731A3899730085638D /* ic_panic_lg@2x.png */; };
		929BE4BE1A7913A700641647 /* SCRLabel.m in Sources */ = {isa = PBXBuildFile; fileRef = 929BE4BD1A7913A700641647 /* SCRLabel.m */; };
		929BE4C11A79293900641647 /* SCRTextView.m in Sources */ = {isa = PBXBuildFile; fileRef = 929BE4C01A79293900641647 /* SCRTextView.m */; };
		929EEF4D19F4EB100020BD75 /* main.m in Sources */ = {isa = PBXBuildFile; fileRef = 929EEF4C19F4EB100020BD75 /* main.m */; };
		929EEF5019F4EB100020BD75 /* SCRAppDelegate.m in Sources */ = {isa = PBXBuildFile; fileRef = 929EEF4F19F4EB100020BD75 /* SCRAppDelegate.m */; };
		929EEF5919F4EB100020BD75 /* Main.storyboard in Resources */ = {isa = PBXBuildFile; fileRef = 929EEF5719F4EB100020BD75 /* Main.storyboard */; };
		929EEF5B19F4EB100020BD75 /* Images.xcassets in Resources */ = {isa = PBXBuildFile; fileRef = 929EEF5A19F4EB100020BD75 /* Images.xcassets */; };
		929EEF5E19F4EB100020BD75 /* LaunchScreen.xib in Resources */ = {isa = PBXBuildFile; fileRef = 929EEF5C19F4EB100020BD75 /* LaunchScreen.xib */; };
		929EEF6A19F4EB100020BD75 /* SecureReaderTests.m in Sources */ = {isa = PBXBuildFile; fileRef = 929EEF6919F4EB100020BD75 /* SecureReaderTests.m */; };
		929EEF8019F4F5940020BD75 /* SCRLoginViewController.m in Sources */ = {isa = PBXBuildFile; fileRef = 929EEF7519F4F5940020BD75 /* SCRLoginViewController.m */; };
		929EEF8119F4F5940020BD75 /* SCRSelectLanguageViewController.m in Sources */ = {isa = PBXBuildFile; fileRef = 929EEF7719F4F5940020BD75 /* SCRSelectLanguageViewController.m */; };
		929EEF8219F4F5940020BD75 /* NSBundle+Language.m in Sources */ = {isa = PBXBuildFile; fileRef = 929EEF7919F4F5940020BD75 /* NSBundle+Language.m */; };
		929EEF8319F4F5940020BD75 /* SCRSettings.m in Sources */ = {isa = PBXBuildFile; fileRef = 929EEF7B19F4F5940020BD75 /* SCRSettings.m */; };
		929EEF8419F4F5940020BD75 /* SCRTheme.m in Sources */ = {isa = PBXBuildFile; fileRef = 929EEF7D19F4F5940020BD75 /* SCRTheme.m */; };
		929EEF8519F4F5940020BD75 /* UIView+Theming.m in Sources */ = {isa = PBXBuildFile; fileRef = 929EEF7F19F4F5940020BD75 /* UIView+Theming.m */; };
		929EEF8719F4F5F30020BD75 /* Styles.plist in Resources */ = {isa = PBXBuildFile; fileRef = 929EEF8619F4F5F30020BD75 /* Styles.plist */; };
		929EEF8C19F4FC9D0020BD75 /* Localizable.strings in Resources */ = {isa = PBXBuildFile; fileRef = 929EEF8E19F4FC9D0020BD75 /* Localizable.strings */; };
		929EEF9319F5110D0020BD75 /* SCRCreatePassphraseViewController.m in Sources */ = {isa = PBXBuildFile; fileRef = 929EEF9219F5110D0020BD75 /* SCRCreatePassphraseViewController.m */; };
		929EEF9619F549080020BD75 /* SCRNavigationController.m in Sources */ = {isa = PBXBuildFile; fileRef = 929EEF9519F549080020BD75 /* SCRNavigationController.m */; };
		92A4D2A51A31F1D40091479A /* SCRPanicViewController.m in Sources */ = {isa = PBXBuildFile; fileRef = 92A4D2A41A31F1D40091479A /* SCRPanicViewController.m */; };
		92A4D2AA1A31FE720091479A /* ic_action_panic.png in Resources */ = {isa = PBXBuildFile; fileRef = 92A4D2A61A31FE720091479A /* ic_action_panic.png */; };
		92A4D2AB1A31FE720091479A /* ic_menu_chat.png in Resources */ = {isa = PBXBuildFile; fileRef = 92A4D2A71A31FE720091479A /* ic_menu_chat.png */; };
		92A4D2AC1A31FE720091479A /* ic_menu_news.png in Resources */ = {isa = PBXBuildFile; fileRef = 92A4D2A81A31FE720091479A /* ic_menu_news.png */; };
		92A4D2AD1A31FE720091479A /* ic_menu_stories.png in Resources */ = {isa = PBXBuildFile; fileRef = 92A4D2A91A31FE720091479A /* ic_menu_stories.png */; };
		92B23C491A5D303800FFD963 /* SCRMainViewController.m in Sources */ = {isa = PBXBuildFile; fileRef = 92B23C481A5D303800FFD963 /* SCRMainViewController.m */; };
		92B23C4C1A5D442F00FFD963 /* SCRAllFeedsViewController.m in Sources */ = {isa = PBXBuildFile; fileRef = 92B23C4B1A5D442F00FFD963 /* SCRAllFeedsViewController.m */; };
		92B23C4F1A5D823700FFD963 /* SCRFavoritesViewController.m in Sources */ = {isa = PBXBuildFile; fileRef = 92B23C4E1A5D823700FFD963 /* SCRFavoritesViewController.m */; };
		92B9E9721A9C5FE100A2BED9 /* SCRSegmentedControl.m in Sources */ = {isa = PBXBuildFile; fileRef = 92B9E9711A9C5FE100A2BED9 /* SCRSegmentedControl.m */; };
		92BD509A1A07A36A00F3BD22 /* SCRItem.m in Sources */ = {isa = PBXBuildFile; fileRef = 92BD50991A07A36A00F3BD22 /* SCRItem.m */; };
		92BD50A11A07A38900F3BD22 /* SCRItemView.m in Sources */ = {isa = PBXBuildFile; fileRef = 92BD509D1A07A38900F3BD22 /* SCRItemView.m */; };
		92BD50A21A07A38900F3BD22 /* SCRSourceView.m in Sources */ = {isa = PBXBuildFile; fileRef = 92BD509F1A07A38900F3BD22 /* SCRSourceView.m */; };
		92BD50A31A07A38900F3BD22 /* SCRSourceView.xib in Resources */ = {isa = PBXBuildFile; fileRef = 92BD50A01A07A38900F3BD22 /* SCRSourceView.xib */; };
		92BD50AD1A07A74500F3BD22 /* ic_launcher.png in Resources */ = {isa = PBXBuildFile; fileRef = 92BD50AB1A07A74500F3BD22 /* ic_launcher.png */; };
		92BD50AE1A07A74500F3BD22 /* img_local_share.png in Resources */ = {isa = PBXBuildFile; fileRef = 92BD50AC1A07A74500F3BD22 /* img_local_share.png */; };
		92C28DD719F5B26C00E39BDD /* SCRApplication.m in Sources */ = {isa = PBXBuildFile; fileRef = 92C28DD619F5B26C00E39BDD /* SCRApplication.m */; };
		92C3F0901A80CDE000DFA438 /* SCRFeedListCell.xib in Resources */ = {isa = PBXBuildFile; fileRef = 92C3F08F1A80CDE000DFA438 /* SCRFeedListCell.xib */; };
		92C458391A233EAA00835B10 /* SCRItemViewController.m in Sources */ = {isa = PBXBuildFile; fileRef = 92C458381A233EAA00835B10 /* SCRItemViewController.m */; };
		92D169731A30A5C200A84608 /* SCRFeedListCell.m in Sources */ = {isa = PBXBuildFile; fileRef = 92D169721A30A5C200A84608 /* SCRFeedListCell.m */; };
		92E7B96C1A4186D60038DBCE /* SCRItemViewControllerSegue.m in Sources */ = {isa = PBXBuildFile; fileRef = 92E7B96B1A4186D60038DBCE /* SCRItemViewControllerSegue.m */; };
		92E7B96E1A41A2AE0038DBCE /* SCRReceiveShareView.xib in Resources */ = {isa = PBXBuildFile; fileRef = 92E7B96D1A41A2AE0038DBCE /* SCRReceiveShareView.xib */; };
		92E7B9711A41A30F0038DBCE /* SCRReceiveShareView.m in Sources */ = {isa = PBXBuildFile; fileRef = 92E7B9701A41A30F0038DBCE /* SCRReceiveShareView.m */; };
		92E7B9741A41C8E60038DBCE /* SCRReceiveShareViewController.m in Sources */ = {isa = PBXBuildFile; fileRef = 92E7B9731A41C8E60038DBCE /* SCRReceiveShareViewController.m */; };
		D90F59371A19ECBE008F2DCB /* SCRFeedFetcher.m in Sources */ = {isa = PBXBuildFile; fileRef = D90F59361A19ECBE008F2DCB /* SCRFeedFetcher.m */; };
		D90F593A1A19F617008F2DCB /* SCRDatabaseManager.m in Sources */ = {isa = PBXBuildFile; fileRef = D90F59391A19F617008F2DCB /* SCRDatabaseManager.m */; };
		D9317B891A886A95005DA904 /* NSFormatter+SecureReader.m in Sources */ = {isa = PBXBuildFile; fileRef = D9317B881A886A95005DA904 /* NSFormatter+SecureReader.m */; };
		D9E6575F1A234363000E6301 /* SCRFeed.m in Sources */ = {isa = PBXBuildFile; fileRef = D9E6575E1A234363000E6301 /* SCRFeed.m */; };
		F6AA97CBC086528EBF0FFA97 /* libPods.a in Frameworks */ = {isa = PBXBuildFile; fileRef = 5982780EDA69C66A355A7531 /* libPods.a */; };
/* End PBXBuildFile section */

/* Begin PBXContainerItemProxy section */
		929EEF6419F4EB100020BD75 /* PBXContainerItemProxy */ = {
			isa = PBXContainerItemProxy;
			containerPortal = 929EEF3F19F4EB100020BD75 /* Project object */;
			proxyType = 1;
			remoteGlobalIDString = 929EEF4619F4EB100020BD75;
			remoteInfo = SecureReader;
		};
/* End PBXContainerItemProxy section */

/* Begin PBXFileReference section */
		5982780EDA69C66A355A7531 /* libPods.a */ = {isa = PBXFileReference; explicitFileType = archive.ar; includeInIndex = 0; path = libPods.a; sourceTree = BUILT_PRODUCTS_DIR; };
		920582861A6EA25000E152D9 /* SCRGradientBackgroundView.h */ = {isa = PBXFileReference; fileEncoding = 4; lastKnownFileType = sourcecode.c.h; path = SCRGradientBackgroundView.h; sourceTree = "<group>"; };
		920582871A6EA25000E152D9 /* SCRGradientBackgroundView.m */ = {isa = PBXFileReference; fileEncoding = 4; lastKnownFileType = sourcecode.c.objc; path = SCRGradientBackgroundView.m; sourceTree = "<group>"; };
		920582891A6EA80900E152D9 /* SCRAuthorView.h */ = {isa = PBXFileReference; fileEncoding = 4; lastKnownFileType = sourcecode.c.h; path = SCRAuthorView.h; sourceTree = "<group>"; };
		9205828A1A6EA80900E152D9 /* SCRAuthorView.m */ = {isa = PBXFileReference; fileEncoding = 4; lastKnownFileType = sourcecode.c.objc; path = SCRAuthorView.m; sourceTree = "<group>"; };
		9205828C1A6EA8F500E152D9 /* SCRAuthorView.xib */ = {isa = PBXFileReference; fileEncoding = 4; lastKnownFileType = file.xib; path = SCRAuthorView.xib; sourceTree = "<group>"; };
		921135751A7A70D40049D82B /* SCRFeedListViewController.h */ = {isa = PBXFileReference; fileEncoding = 4; lastKnownFileType = sourcecode.c.h; path = SCRFeedListViewController.h; sourceTree = "<group>"; };
		921135761A7A70D40049D82B /* SCRFeedListViewController.m */ = {isa = PBXFileReference; fileEncoding = 4; lastKnownFileType = sourcecode.c.objc; path = SCRFeedListViewController.m; sourceTree = "<group>"; };
		922DC27E19FE920C00FB1274 /* SCRFeedViewController.h */ = {isa = PBXFileReference; fileEncoding = 4; lastKnownFileType = sourcecode.c.h; lineEnding = 0; path = SCRFeedViewController.h; sourceTree = "<group>"; xcLanguageSpecificationIdentifier = xcode.lang.objcpp; };
		922DC27F19FE920C00FB1274 /* SCRFeedViewController.m */ = {isa = PBXFileReference; fileEncoding = 4; lastKnownFileType = sourcecode.c.objc; lineEnding = 0; path = SCRFeedViewController.m; sourceTree = "<group>"; xcLanguageSpecificationIdentifier = xcode.lang.objc; };
		9239049D1A07E365004EEE7E /* background_debut_light.png */ = {isa = PBXFileReference; lastKnownFileType = image.png; path = background_debut_light.png; sourceTree = "<group>"; };
		92458CC51A6D4E4600C17EFA /* SCRReader.h */ = {isa = PBXFileReference; fileEncoding = 4; lastKnownFileType = sourcecode.c.h; name = SCRReader.h; path = SecureReader/Feed/SCRReader.h; sourceTree = SOURCE_ROOT; };
		92458CC61A6D4E4600C17EFA /* SCRReader.m */ = {isa = PBXFileReference; fileEncoding = 4; lastKnownFileType = sourcecode.c.objc; name = SCRReader.m; path = SecureReader/Feed/SCRReader.m; sourceTree = SOURCE_ROOT; };
		924BBFBF1A08DCEB00A32940 /* InAppSettings.bundle */ = {isa = PBXFileReference; lastKnownFileType = "wrapper.plug-in"; path = InAppSettings.bundle; sourceTree = "<group>"; };
		925AE57E1A404161001E182F /* SCRMoreViewController.h */ = {isa = PBXFileReference; fileEncoding = 4; lastKnownFileType = sourcecode.c.h; path = SCRMoreViewController.h; sourceTree = "<group>"; };
		925AE57F1A404161001E182F /* SCRMoreViewController.m */ = {isa = PBXFileReference; fileEncoding = 4; lastKnownFileType = sourcecode.c.objc; path = SCRMoreViewController.m; sourceTree = "<group>"; };
		9279F7FC1A67B4E90029572B /* ic_action2_chat.png */ = {isa = PBXFileReference; lastKnownFileType = image.png; path = ic_action2_chat.png; sourceTree = "<group>"; };
		9279F7FD1A67B4E90029572B /* ic_action2_favorite.png */ = {isa = PBXFileReference; lastKnownFileType = image.png; path = ic_action2_favorite.png; sourceTree = "<group>"; };
		9279F7FE1A67B4E90029572B /* ic_action2_font.png */ = {isa = PBXFileReference; lastKnownFileType = image.png; path = ic_action2_font.png; sourceTree = "<group>"; };
		9279F7FF1A67B4E90029572B /* ic_action2_share.png */ = {isa = PBXFileReference; lastKnownFileType = image.png; path = ic_action2_share.png; sourceTree = "<group>"; };
		9279F8041A67B9300029572B /* UIBarItem+Theming.h */ = {isa = PBXFileReference; fileEncoding = 4; lastKnownFileType = sourcecode.c.h; path = "UIBarItem+Theming.h"; sourceTree = "<group>"; };
		9279F8051A67B9300029572B /* UIBarItem+Theming.m */ = {isa = PBXFileReference; fileEncoding = 4; lastKnownFileType = sourcecode.c.objc; path = "UIBarItem+Theming.m"; sourceTree = "<group>"; };
		9279F8071A67E2940029572B /* SCRItemCellNoPhotos.xib */ = {isa = PBXFileReference; fileEncoding = 4; lastKnownFileType = file.xib; path = SCRItemCellNoPhotos.xib; sourceTree = "<group>"; };
		9279F8091A67FBE50029572B /* SCRItemCellLandscapePhotos.xib */ = {isa = PBXFileReference; fileEncoding = 4; lastKnownFileType = file.xib; path = SCRItemCellLandscapePhotos.xib; sourceTree = "<group>"; };
		928036651A2776BE0081801A /* content.txt */ = {isa = PBXFileReference; fileEncoding = 4; lastKnownFileType = text; path = content.txt; sourceTree = "<group>"; };
		928036671A27D4FF0081801A /* SCRItemPageViewController.h */ = {isa = PBXFileReference; fileEncoding = 4; lastKnownFileType = sourcecode.c.h; path = SCRItemPageViewController.h; sourceTree = "<group>"; };
		928036681A27D4FF0081801A /* SCRItemPageViewController.m */ = {isa = PBXFileReference; fileEncoding = 4; lastKnownFileType = sourcecode.c.objc; path = SCRItemPageViewController.m; sourceTree = "<group>"; };
		9284FA701A3899730085638D /* ic_panic_down.png */ = {isa = PBXFileReference; lastKnownFileType = image.png; path = ic_panic_down.png; sourceTree = "<group>"; };
		9284FA711A3899730085638D /* ic_panic_down@2x.png */ = {isa = PBXFileReference; lastKnownFileType = image.png; path = "ic_panic_down@2x.png"; sourceTree = "<group>"; };
		9284FA721A3899730085638D /* ic_panic_lg.png */ = {isa = PBXFileReference; lastKnownFileType = image.png; path = ic_panic_lg.png; sourceTree = "<group>"; };
		9284FA731A3899730085638D /* ic_panic_lg@2x.png */ = {isa = PBXFileReference; lastKnownFileType = image.png; path = "ic_panic_lg@2x.png"; sourceTree = "<group>"; };
		929BE4BC1A7913A700641647 /* SCRLabel.h */ = {isa = PBXFileReference; fileEncoding = 4; lastKnownFileType = sourcecode.c.h; path = SCRLabel.h; sourceTree = "<group>"; };
		929BE4BD1A7913A700641647 /* SCRLabel.m */ = {isa = PBXFileReference; fileEncoding = 4; lastKnownFileType = sourcecode.c.objc; path = SCRLabel.m; sourceTree = "<group>"; };
		929BE4BF1A79293900641647 /* SCRTextView.h */ = {isa = PBXFileReference; fileEncoding = 4; lastKnownFileType = sourcecode.c.h; path = SCRTextView.h; sourceTree = "<group>"; };
		929BE4C01A79293900641647 /* SCRTextView.m */ = {isa = PBXFileReference; fileEncoding = 4; lastKnownFileType = sourcecode.c.objc; path = SCRTextView.m; sourceTree = "<group>"; };
		929EEF4719F4EB100020BD75 /* SecureReader.app */ = {isa = PBXFileReference; explicitFileType = wrapper.application; includeInIndex = 0; path = SecureReader.app; sourceTree = BUILT_PRODUCTS_DIR; };
		929EEF4B19F4EB100020BD75 /* Info.plist */ = {isa = PBXFileReference; lastKnownFileType = text.plist.xml; path = Info.plist; sourceTree = "<group>"; };
		929EEF4C19F4EB100020BD75 /* main.m */ = {isa = PBXFileReference; lastKnownFileType = sourcecode.c.objc; lineEnding = 0; path = main.m; sourceTree = "<group>"; xcLanguageSpecificationIdentifier = xcode.lang.objc; };
		929EEF4E19F4EB100020BD75 /* SCRAppDelegate.h */ = {isa = PBXFileReference; lastKnownFileType = sourcecode.c.h; lineEnding = 0; path = SCRAppDelegate.h; sourceTree = "<group>"; xcLanguageSpecificationIdentifier = xcode.lang.objcpp; };
		929EEF4F19F4EB100020BD75 /* SCRAppDelegate.m */ = {isa = PBXFileReference; lastKnownFileType = sourcecode.c.objc; lineEnding = 0; path = SCRAppDelegate.m; sourceTree = "<group>"; xcLanguageSpecificationIdentifier = xcode.lang.objc; };
		929EEF5819F4EB100020BD75 /* Base */ = {isa = PBXFileReference; lastKnownFileType = file.storyboard; name = Base; path = Base.lproj/Main.storyboard; sourceTree = "<group>"; };
		929EEF5A19F4EB100020BD75 /* Images.xcassets */ = {isa = PBXFileReference; lastKnownFileType = folder.assetcatalog; path = Images.xcassets; sourceTree = "<group>"; };
		929EEF5D19F4EB100020BD75 /* Base */ = {isa = PBXFileReference; lastKnownFileType = file.xib; name = Base; path = Base.lproj/LaunchScreen.xib; sourceTree = "<group>"; };
		929EEF6319F4EB100020BD75 /* SecureReaderTests.xctest */ = {isa = PBXFileReference; explicitFileType = wrapper.cfbundle; includeInIndex = 0; path = SecureReaderTests.xctest; sourceTree = BUILT_PRODUCTS_DIR; };
		929EEF6819F4EB100020BD75 /* Info.plist */ = {isa = PBXFileReference; lastKnownFileType = text.plist.xml; path = Info.plist; sourceTree = "<group>"; };
		929EEF6919F4EB100020BD75 /* SecureReaderTests.m */ = {isa = PBXFileReference; lastKnownFileType = sourcecode.c.objc; lineEnding = 0; path = SecureReaderTests.m; sourceTree = "<group>"; xcLanguageSpecificationIdentifier = xcode.lang.objc; };
		929EEF7419F4F5940020BD75 /* SCRLoginViewController.h */ = {isa = PBXFileReference; fileEncoding = 4; lastKnownFileType = sourcecode.c.h; lineEnding = 0; path = SCRLoginViewController.h; sourceTree = "<group>"; xcLanguageSpecificationIdentifier = xcode.lang.objcpp; };
		929EEF7519F4F5940020BD75 /* SCRLoginViewController.m */ = {isa = PBXFileReference; fileEncoding = 4; lastKnownFileType = sourcecode.c.objc; lineEnding = 0; path = SCRLoginViewController.m; sourceTree = "<group>"; xcLanguageSpecificationIdentifier = xcode.lang.objc; };
		929EEF7619F4F5940020BD75 /* SCRSelectLanguageViewController.h */ = {isa = PBXFileReference; fileEncoding = 4; lastKnownFileType = sourcecode.c.h; lineEnding = 0; path = SCRSelectLanguageViewController.h; sourceTree = "<group>"; xcLanguageSpecificationIdentifier = xcode.lang.objcpp; };
		929EEF7719F4F5940020BD75 /* SCRSelectLanguageViewController.m */ = {isa = PBXFileReference; fileEncoding = 4; lastKnownFileType = sourcecode.c.objc; lineEnding = 0; path = SCRSelectLanguageViewController.m; sourceTree = "<group>"; xcLanguageSpecificationIdentifier = xcode.lang.objc; };
		929EEF7819F4F5940020BD75 /* NSBundle+Language.h */ = {isa = PBXFileReference; fileEncoding = 4; lastKnownFileType = sourcecode.c.h; lineEnding = 0; path = "NSBundle+Language.h"; sourceTree = "<group>"; xcLanguageSpecificationIdentifier = xcode.lang.objcpp; };
		929EEF7919F4F5940020BD75 /* NSBundle+Language.m */ = {isa = PBXFileReference; fileEncoding = 4; lastKnownFileType = sourcecode.c.objc; lineEnding = 0; path = "NSBundle+Language.m"; sourceTree = "<group>"; xcLanguageSpecificationIdentifier = xcode.lang.objc; };
		929EEF7A19F4F5940020BD75 /* SCRSettings.h */ = {isa = PBXFileReference; fileEncoding = 4; lastKnownFileType = sourcecode.c.h; lineEnding = 0; path = SCRSettings.h; sourceTree = "<group>"; xcLanguageSpecificationIdentifier = xcode.lang.objcpp; };
		929EEF7B19F4F5940020BD75 /* SCRSettings.m */ = {isa = PBXFileReference; fileEncoding = 4; lastKnownFileType = sourcecode.c.objc; lineEnding = 0; path = SCRSettings.m; sourceTree = "<group>"; xcLanguageSpecificationIdentifier = xcode.lang.objc; };
		929EEF7C19F4F5940020BD75 /* SCRTheme.h */ = {isa = PBXFileReference; fileEncoding = 4; lastKnownFileType = sourcecode.c.h; path = SCRTheme.h; sourceTree = "<group>"; };
		929EEF7D19F4F5940020BD75 /* SCRTheme.m */ = {isa = PBXFileReference; fileEncoding = 4; lastKnownFileType = sourcecode.c.objc; path = SCRTheme.m; sourceTree = "<group>"; };
		929EEF7E19F4F5940020BD75 /* UIView+Theming.h */ = {isa = PBXFileReference; fileEncoding = 4; lastKnownFileType = sourcecode.c.h; path = "UIView+Theming.h"; sourceTree = "<group>"; };
		929EEF7F19F4F5940020BD75 /* UIView+Theming.m */ = {isa = PBXFileReference; fileEncoding = 4; lastKnownFileType = sourcecode.c.objc; path = "UIView+Theming.m"; sourceTree = "<group>"; };
		929EEF8619F4F5F30020BD75 /* Styles.plist */ = {isa = PBXFileReference; fileEncoding = 4; lastKnownFileType = text.plist.xml; path = Styles.plist; sourceTree = "<group>"; };
		929EEF8819F4F84D0020BD75 /* sv */ = {isa = PBXFileReference; lastKnownFileType = text.plist.strings; name = sv; path = sv.lproj/Main.strings; sourceTree = "<group>"; };
		929EEF8919F4F84D0020BD75 /* sv */ = {isa = PBXFileReference; lastKnownFileType = text.plist.strings; name = sv; path = sv.lproj/LaunchScreen.strings; sourceTree = "<group>"; };
		929EEF8D19F4FC9D0020BD75 /* Base */ = {isa = PBXFileReference; lastKnownFileType = text.plist.strings; lineEnding = 0; name = Base; path = Base.lproj/Localizable.strings; sourceTree = "<group>"; xcLanguageSpecificationIdentifier = xcode.lang.simpleColoring; };
		929EEF8F19F4FCA40020BD75 /* sv */ = {isa = PBXFileReference; lastKnownFileType = text.plist.strings; lineEnding = 0; name = sv; path = sv.lproj/Localizable.strings; sourceTree = "<group>"; xcLanguageSpecificationIdentifier = xcode.lang.simpleColoring; };
		929EEF9119F5110D0020BD75 /* SCRCreatePassphraseViewController.h */ = {isa = PBXFileReference; fileEncoding = 4; lastKnownFileType = sourcecode.c.h; lineEnding = 0; path = SCRCreatePassphraseViewController.h; sourceTree = "<group>"; xcLanguageSpecificationIdentifier = xcode.lang.objcpp; };
		929EEF9219F5110D0020BD75 /* SCRCreatePassphraseViewController.m */ = {isa = PBXFileReference; fileEncoding = 4; lastKnownFileType = sourcecode.c.objc; lineEnding = 0; path = SCRCreatePassphraseViewController.m; sourceTree = "<group>"; xcLanguageSpecificationIdentifier = xcode.lang.objc; };
		929EEF9419F549080020BD75 /* SCRNavigationController.h */ = {isa = PBXFileReference; fileEncoding = 4; lastKnownFileType = sourcecode.c.h; lineEnding = 0; path = SCRNavigationController.h; sourceTree = "<group>"; xcLanguageSpecificationIdentifier = xcode.lang.objcpp; };
		929EEF9519F549080020BD75 /* SCRNavigationController.m */ = {isa = PBXFileReference; fileEncoding = 4; lastKnownFileType = sourcecode.c.objc; lineEnding = 0; path = SCRNavigationController.m; sourceTree = "<group>"; xcLanguageSpecificationIdentifier = xcode.lang.objc; };
		92A4D2A31A31F1D40091479A /* SCRPanicViewController.h */ = {isa = PBXFileReference; fileEncoding = 4; lastKnownFileType = sourcecode.c.h; path = SCRPanicViewController.h; sourceTree = "<group>"; };
		92A4D2A41A31F1D40091479A /* SCRPanicViewController.m */ = {isa = PBXFileReference; fileEncoding = 4; lastKnownFileType = sourcecode.c.objc; path = SCRPanicViewController.m; sourceTree = "<group>"; };
		92A4D2A61A31FE720091479A /* ic_action_panic.png */ = {isa = PBXFileReference; lastKnownFileType = image.png; path = ic_action_panic.png; sourceTree = "<group>"; };
		92A4D2A71A31FE720091479A /* ic_menu_chat.png */ = {isa = PBXFileReference; lastKnownFileType = image.png; path = ic_menu_chat.png; sourceTree = "<group>"; };
		92A4D2A81A31FE720091479A /* ic_menu_news.png */ = {isa = PBXFileReference; lastKnownFileType = image.png; path = ic_menu_news.png; sourceTree = "<group>"; };
		92A4D2A91A31FE720091479A /* ic_menu_stories.png */ = {isa = PBXFileReference; lastKnownFileType = image.png; path = ic_menu_stories.png; sourceTree = "<group>"; };
		92B23C471A5D303800FFD963 /* SCRMainViewController.h */ = {isa = PBXFileReference; fileEncoding = 4; lastKnownFileType = sourcecode.c.h; path = SCRMainViewController.h; sourceTree = "<group>"; };
		92B23C481A5D303800FFD963 /* SCRMainViewController.m */ = {isa = PBXFileReference; fileEncoding = 4; lastKnownFileType = sourcecode.c.objc; path = SCRMainViewController.m; sourceTree = "<group>"; };
		92B23C4A1A5D442F00FFD963 /* SCRAllFeedsViewController.h */ = {isa = PBXFileReference; fileEncoding = 4; lastKnownFileType = sourcecode.c.h; path = SCRAllFeedsViewController.h; sourceTree = "<group>"; };
		92B23C4B1A5D442F00FFD963 /* SCRAllFeedsViewController.m */ = {isa = PBXFileReference; fileEncoding = 4; lastKnownFileType = sourcecode.c.objc; path = SCRAllFeedsViewController.m; sourceTree = "<group>"; };
		92B23C4D1A5D823700FFD963 /* SCRFavoritesViewController.h */ = {isa = PBXFileReference; fileEncoding = 4; lastKnownFileType = sourcecode.c.h; path = SCRFavoritesViewController.h; sourceTree = "<group>"; };
		92B23C4E1A5D823700FFD963 /* SCRFavoritesViewController.m */ = {isa = PBXFileReference; fileEncoding = 4; lastKnownFileType = sourcecode.c.objc; path = SCRFavoritesViewController.m; sourceTree = "<group>"; };
		92B9E9701A9C5FE100A2BED9 /* SCRSegmentedControl.h */ = {isa = PBXFileReference; fileEncoding = 4; lastKnownFileType = sourcecode.c.h; path = SCRSegmentedControl.h; sourceTree = "<group>"; };
		92B9E9711A9C5FE100A2BED9 /* SCRSegmentedControl.m */ = {isa = PBXFileReference; fileEncoding = 4; lastKnownFileType = sourcecode.c.objc; path = SCRSegmentedControl.m; sourceTree = "<group>"; };
		92BD50981A07A36A00F3BD22 /* SCRItem.h */ = {isa = PBXFileReference; fileEncoding = 4; lastKnownFileType = sourcecode.c.h; path = SCRItem.h; sourceTree = "<group>"; };
		92BD50991A07A36A00F3BD22 /* SCRItem.m */ = {isa = PBXFileReference; fileEncoding = 4; lastKnownFileType = sourcecode.c.objc; path = SCRItem.m; sourceTree = "<group>"; };
		92BD509C1A07A38900F3BD22 /* SCRItemView.h */ = {isa = PBXFileReference; fileEncoding = 4; lastKnownFileType = sourcecode.c.h; path = SCRItemView.h; sourceTree = "<group>"; };
		92BD509D1A07A38900F3BD22 /* SCRItemView.m */ = {isa = PBXFileReference; fileEncoding = 4; lastKnownFileType = sourcecode.c.objc; path = SCRItemView.m; sourceTree = "<group>"; };
		92BD509E1A07A38900F3BD22 /* SCRSourceView.h */ = {isa = PBXFileReference; fileEncoding = 4; lastKnownFileType = sourcecode.c.h; path = SCRSourceView.h; sourceTree = "<group>"; };
		92BD509F1A07A38900F3BD22 /* SCRSourceView.m */ = {isa = PBXFileReference; fileEncoding = 4; lastKnownFileType = sourcecode.c.objc; path = SCRSourceView.m; sourceTree = "<group>"; };
		92BD50A01A07A38900F3BD22 /* SCRSourceView.xib */ = {isa = PBXFileReference; fileEncoding = 4; lastKnownFileType = file.xib; path = SCRSourceView.xib; sourceTree = "<group>"; };
		92BD50AB1A07A74500F3BD22 /* ic_launcher.png */ = {isa = PBXFileReference; lastKnownFileType = image.png; path = ic_launcher.png; sourceTree = "<group>"; };
		92BD50AC1A07A74500F3BD22 /* img_local_share.png */ = {isa = PBXFileReference; lastKnownFileType = image.png; path = img_local_share.png; sourceTree = "<group>"; };
		92C28DD519F5B26C00E39BDD /* SCRApplication.h */ = {isa = PBXFileReference; fileEncoding = 4; lastKnownFileType = sourcecode.c.h; lineEnding = 0; path = SCRApplication.h; sourceTree = "<group>"; xcLanguageSpecificationIdentifier = xcode.lang.objcpp; };
		92C28DD619F5B26C00E39BDD /* SCRApplication.m */ = {isa = PBXFileReference; fileEncoding = 4; lastKnownFileType = sourcecode.c.objc; lineEnding = 0; path = SCRApplication.m; sourceTree = "<group>"; xcLanguageSpecificationIdentifier = xcode.lang.objc; };
		92C3F08F1A80CDE000DFA438 /* SCRFeedListCell.xib */ = {isa = PBXFileReference; fileEncoding = 4; lastKnownFileType = file.xib; path = SCRFeedListCell.xib; sourceTree = "<group>"; };
		92C458371A233EAA00835B10 /* SCRItemViewController.h */ = {isa = PBXFileReference; fileEncoding = 4; lastKnownFileType = sourcecode.c.h; path = SCRItemViewController.h; sourceTree = "<group>"; };
		92C458381A233EAA00835B10 /* SCRItemViewController.m */ = {isa = PBXFileReference; fileEncoding = 4; lastKnownFileType = sourcecode.c.objc; path = SCRItemViewController.m; sourceTree = "<group>"; };
		92D169711A30A5C200A84608 /* SCRFeedListCell.h */ = {isa = PBXFileReference; fileEncoding = 4; lastKnownFileType = sourcecode.c.h; path = SCRFeedListCell.h; sourceTree = "<group>"; };
		92D169721A30A5C200A84608 /* SCRFeedListCell.m */ = {isa = PBXFileReference; fileEncoding = 4; lastKnownFileType = sourcecode.c.objc; path = SCRFeedListCell.m; sourceTree = "<group>"; };
		92E7B96A1A4186D60038DBCE /* SCRItemViewControllerSegue.h */ = {isa = PBXFileReference; fileEncoding = 4; lastKnownFileType = sourcecode.c.h; name = SCRItemViewControllerSegue.h; path = Controllers/SCRItemViewControllerSegue.h; sourceTree = "<group>"; };
		92E7B96B1A4186D60038DBCE /* SCRItemViewControllerSegue.m */ = {isa = PBXFileReference; fileEncoding = 4; lastKnownFileType = sourcecode.c.objc; name = SCRItemViewControllerSegue.m; path = Controllers/SCRItemViewControllerSegue.m; sourceTree = "<group>"; };
		92E7B96D1A41A2AE0038DBCE /* SCRReceiveShareView.xib */ = {isa = PBXFileReference; fileEncoding = 4; lastKnownFileType = file.xib; path = SCRReceiveShareView.xib; sourceTree = "<group>"; };
		92E7B96F1A41A30F0038DBCE /* SCRReceiveShareView.h */ = {isa = PBXFileReference; fileEncoding = 4; lastKnownFileType = sourcecode.c.h; path = SCRReceiveShareView.h; sourceTree = "<group>"; };
		92E7B9701A41A30F0038DBCE /* SCRReceiveShareView.m */ = {isa = PBXFileReference; fileEncoding = 4; lastKnownFileType = sourcecode.c.objc; path = SCRReceiveShareView.m; sourceTree = "<group>"; };
		92E7B9721A41C8E60038DBCE /* SCRReceiveShareViewController.h */ = {isa = PBXFileReference; fileEncoding = 4; lastKnownFileType = sourcecode.c.h; path = SCRReceiveShareViewController.h; sourceTree = "<group>"; };
		92E7B9731A41C8E60038DBCE /* SCRReceiveShareViewController.m */ = {isa = PBXFileReference; fileEncoding = 4; lastKnownFileType = sourcecode.c.objc; path = SCRReceiveShareViewController.m; sourceTree = "<group>"; };
		A21561AE6A5B97BAE0C7EADE /* Pods.release.xcconfig */ = {isa = PBXFileReference; includeInIndex = 1; lastKnownFileType = text.xcconfig; name = Pods.release.xcconfig; path = "Pods/Target Support Files/Pods/Pods.release.xcconfig"; sourceTree = "<group>"; };
		D90F59351A19ECBE008F2DCB /* SCRFeedFetcher.h */ = {isa = PBXFileReference; fileEncoding = 4; lastKnownFileType = sourcecode.c.h; name = SCRFeedFetcher.h; path = SecureReader/Feed/SCRFeedFetcher.h; sourceTree = SOURCE_ROOT; };
		D90F59361A19ECBE008F2DCB /* SCRFeedFetcher.m */ = {isa = PBXFileReference; fileEncoding = 4; lastKnownFileType = sourcecode.c.objc; name = SCRFeedFetcher.m; path = SecureReader/Feed/SCRFeedFetcher.m; sourceTree = SOURCE_ROOT; };
		D90F59381A19F617008F2DCB /* SCRDatabaseManager.h */ = {isa = PBXFileReference; fileEncoding = 4; lastKnownFileType = sourcecode.c.h; name = SCRDatabaseManager.h; path = SecureReader/Feed/SCRDatabaseManager.h; sourceTree = SOURCE_ROOT; };
		D90F59391A19F617008F2DCB /* SCRDatabaseManager.m */ = {isa = PBXFileReference; fileEncoding = 4; lastKnownFileType = sourcecode.c.objc; name = SCRDatabaseManager.m; path = SecureReader/Feed/SCRDatabaseManager.m; sourceTree = SOURCE_ROOT; };
		D90F593B1A19F833008F2DCB /* SCRYapObject.h */ = {isa = PBXFileReference; fileEncoding = 4; lastKnownFileType = sourcecode.c.h; path = SCRYapObject.h; sourceTree = "<group>"; };
		D9317B871A886A95005DA904 /* NSFormatter+SecureReader.h */ = {isa = PBXFileReference; fileEncoding = 4; lastKnownFileType = sourcecode.c.h; path = "NSFormatter+SecureReader.h"; sourceTree = "<group>"; };
		D9317B881A886A95005DA904 /* NSFormatter+SecureReader.m */ = {isa = PBXFileReference; fileEncoding = 4; lastKnownFileType = sourcecode.c.objc; path = "NSFormatter+SecureReader.m"; sourceTree = "<group>"; };
		D9DCD4451A2344CA003C0522 /* CoreGraphics.framework */ = {isa = PBXFileReference; lastKnownFileType = wrapper.framework; name = CoreGraphics.framework; path = System/Library/Frameworks/CoreGraphics.framework; sourceTree = SDKROOT; };
		D9E6575D1A234363000E6301 /* SCRFeed.h */ = {isa = PBXFileReference; fileEncoding = 4; lastKnownFileType = sourcecode.c.h; path = SCRFeed.h; sourceTree = "<group>"; };
		D9E6575E1A234363000E6301 /* SCRFeed.m */ = {isa = PBXFileReference; fileEncoding = 4; lastKnownFileType = sourcecode.c.objc; path = SCRFeed.m; sourceTree = "<group>"; };
		DBA503BDF49A23BF85C3B2EA /* Pods.debug.xcconfig */ = {isa = PBXFileReference; includeInIndex = 1; lastKnownFileType = text.xcconfig; name = Pods.debug.xcconfig; path = "Pods/Target Support Files/Pods/Pods.debug.xcconfig"; sourceTree = "<group>"; };
/* End PBXFileReference section */

/* Begin PBXFrameworksBuildPhase section */
		929EEF4419F4EB100020BD75 /* Frameworks */ = {
			isa = PBXFrameworksBuildPhase;
			buildActionMask = 2147483647;
			files = (
				F6AA97CBC086528EBF0FFA97 /* libPods.a in Frameworks */,
			);
			runOnlyForDeploymentPostprocessing = 0;
		};
		929EEF6019F4EB100020BD75 /* Frameworks */ = {
			isa = PBXFrameworksBuildPhase;
			buildActionMask = 2147483647;
			files = (
			);
			runOnlyForDeploymentPostprocessing = 0;
		};
/* End PBXFrameworksBuildPhase section */

/* Begin PBXGroup section */
		6D8BC072A3BA09F61DB40805 /* Frameworks */ = {
			isa = PBXGroup;
			children = (
				D9DCD4451A2344CA003C0522 /* CoreGraphics.framework */,
				5982780EDA69C66A355A7531 /* libPods.a */,
			);
			name = Frameworks;
			sourceTree = "<group>";
		};
		77FFA3F96F5B8946E7D770A6 /* Pods */ = {
			isa = PBXGroup;
			children = (
				DBA503BDF49A23BF85C3B2EA /* Pods.debug.xcconfig */,
				A21561AE6A5B97BAE0C7EADE /* Pods.release.xcconfig */,
			);
			name = Pods;
			sourceTree = "<group>";
		};
		925AE57A1A401B02001E182F /* Startup Flow */ = {
			isa = PBXGroup;
			children = (
				929EEF7619F4F5940020BD75 /* SCRSelectLanguageViewController.h */,
				929EEF7719F4F5940020BD75 /* SCRSelectLanguageViewController.m */,
				929EEF9119F5110D0020BD75 /* SCRCreatePassphraseViewController.h */,
				929EEF9219F5110D0020BD75 /* SCRCreatePassphraseViewController.m */,
			);
			name = "Startup Flow";
			sourceTree = "<group>";
		};
		925AE57B1A401C33001E182F /* Login */ = {
			isa = PBXGroup;
			children = (
				929EEF7419F4F5940020BD75 /* SCRLoginViewController.h */,
				929EEF7519F4F5940020BD75 /* SCRLoginViewController.m */,
			);
			name = Login;
			sourceTree = "<group>";
		};
		925AE57C1A401C70001E182F /* Panic */ = {
			isa = PBXGroup;
			children = (
				92A4D2A31A31F1D40091479A /* SCRPanicViewController.h */,
				92A4D2A41A31F1D40091479A /* SCRPanicViewController.m */,
			);
			name = Panic;
			sourceTree = "<group>";
		};
		925AE57D1A401D91001E182F /* Storyboarding */ = {
			isa = PBXGroup;
			children = (
				929EEF5719F4EB100020BD75 /* Main.storyboard */,
				92E7B96A1A4186D60038DBCE /* SCRItemViewControllerSegue.h */,
				92E7B96B1A4186D60038DBCE /* SCRItemViewControllerSegue.m */,
			);
			name = Storyboarding;
			sourceTree = "<group>";
		};
		929EEF3E19F4EB100020BD75 = {
			isa = PBXGroup;
			children = (
				929EEF4919F4EB100020BD75 /* SecureReader */,
				929EEF6619F4EB100020BD75 /* SecureReaderTests */,
				929EEF4819F4EB100020BD75 /* Products */,
				77FFA3F96F5B8946E7D770A6 /* Pods */,
				6D8BC072A3BA09F61DB40805 /* Frameworks */,
			);
			sourceTree = "<group>";
		};
		929EEF4819F4EB100020BD75 /* Products */ = {
			isa = PBXGroup;
			children = (
				929EEF4719F4EB100020BD75 /* SecureReader.app */,
				929EEF6319F4EB100020BD75 /* SecureReaderTests.xctest */,
			);
			name = Products;
			sourceTree = "<group>";
		};
		929EEF4919F4EB100020BD75 /* SecureReader */ = {
			isa = PBXGroup;
			children = (
				929EEF8619F4F5F30020BD75 /* Styles.plist */,
				D90F59341A19EC43008F2DCB /* Feed */,
				92BD509B1A07A38900F3BD22 /* Views */,
				929EEF7319F4F5940020BD75 /* Controllers */,
				929EEF9019F50B900020BD75 /* Language & Theming Support */,
				925AE57D1A401D91001E182F /* Storyboarding */,
				929EEF7A19F4F5940020BD75 /* SCRSettings.h */,
				929EEF7B19F4F5940020BD75 /* SCRSettings.m */,
				929EEF4E19F4EB100020BD75 /* SCRAppDelegate.h */,
				929EEF4F19F4EB100020BD75 /* SCRAppDelegate.m */,
				92C28DD519F5B26C00E39BDD /* SCRApplication.h */,
				92C28DD619F5B26C00E39BDD /* SCRApplication.m */,
				929EEF5A19F4EB100020BD75 /* Images.xcassets */,
				929EEF5C19F4EB100020BD75 /* LaunchScreen.xib */,
				929EEF4A19F4EB100020BD75 /* Supporting Files */,
				929EEF8E19F4FC9D0020BD75 /* Localizable.strings */,
				92BD50AA1A07A74500F3BD22 /* Temporary Files */,
				924BBFBF1A08DCEB00A32940 /* InAppSettings.bundle */,
			);
			path = SecureReader;
			sourceTree = "<group>";
		};
		929EEF4A19F4EB100020BD75 /* Supporting Files */ = {
			isa = PBXGroup;
			children = (
				929EEF4B19F4EB100020BD75 /* Info.plist */,
				929EEF4C19F4EB100020BD75 /* main.m */,
			);
			name = "Supporting Files";
			sourceTree = "<group>";
		};
		929EEF6619F4EB100020BD75 /* SecureReaderTests */ = {
			isa = PBXGroup;
			children = (
				929EEF6919F4EB100020BD75 /* SecureReaderTests.m */,
				929EEF6719F4EB100020BD75 /* Supporting Files */,
			);
			path = SecureReaderTests;
			sourceTree = "<group>";
		};
		929EEF6719F4EB100020BD75 /* Supporting Files */ = {
			isa = PBXGroup;
			children = (
				929EEF6819F4EB100020BD75 /* Info.plist */,
			);
			name = "Supporting Files";
			sourceTree = "<group>";
		};
		929EEF7319F4F5940020BD75 /* Controllers */ = {
			isa = PBXGroup;
			children = (
				925AE57A1A401B02001E182F /* Startup Flow */,
				925AE57B1A401C33001E182F /* Login */,
				925AE57C1A401C70001E182F /* Panic */,
				929EEF9419F549080020BD75 /* SCRNavigationController.h */,
				929EEF9519F549080020BD75 /* SCRNavigationController.m */,
				922DC27E19FE920C00FB1274 /* SCRFeedViewController.h */,
				922DC27F19FE920C00FB1274 /* SCRFeedViewController.m */,
				92C458371A233EAA00835B10 /* SCRItemViewController.h */,
				92C458381A233EAA00835B10 /* SCRItemViewController.m */,
				928036671A27D4FF0081801A /* SCRItemPageViewController.h */,
				928036681A27D4FF0081801A /* SCRItemPageViewController.m */,
				925AE57E1A404161001E182F /* SCRMoreViewController.h */,
				925AE57F1A404161001E182F /* SCRMoreViewController.m */,
				92E7B9721A41C8E60038DBCE /* SCRReceiveShareViewController.h */,
				92E7B9731A41C8E60038DBCE /* SCRReceiveShareViewController.m */,
				92B23C471A5D303800FFD963 /* SCRMainViewController.h */,
				92B23C481A5D303800FFD963 /* SCRMainViewController.m */,
				92B23C4A1A5D442F00FFD963 /* SCRAllFeedsViewController.h */,
				92B23C4B1A5D442F00FFD963 /* SCRAllFeedsViewController.m */,
				92B23C4D1A5D823700FFD963 /* SCRFavoritesViewController.h */,
				92B23C4E1A5D823700FFD963 /* SCRFavoritesViewController.m */,
				921135751A7A70D40049D82B /* SCRFeedListViewController.h */,
				921135761A7A70D40049D82B /* SCRFeedListViewController.m */,
			);
			path = Controllers;
			sourceTree = "<group>";
		};
		929EEF9019F50B900020BD75 /* Language & Theming Support */ = {
			isa = PBXGroup;
			children = (
				D9317B871A886A95005DA904 /* NSFormatter+SecureReader.h */,
				D9317B881A886A95005DA904 /* NSFormatter+SecureReader.m */,
				929EEF7819F4F5940020BD75 /* NSBundle+Language.h */,
				929EEF7919F4F5940020BD75 /* NSBundle+Language.m */,
				929EEF7C19F4F5940020BD75 /* SCRTheme.h */,
				929EEF7D19F4F5940020BD75 /* SCRTheme.m */,
				929EEF7E19F4F5940020BD75 /* UIView+Theming.h */,
				929EEF7F19F4F5940020BD75 /* UIView+Theming.m */,
				9279F8041A67B9300029572B /* UIBarItem+Theming.h */,
				9279F8051A67B9300029572B /* UIBarItem+Theming.m */,
			);
			name = "Language & Theming Support";
			sourceTree = "<group>";
		};
		92BD50971A07A36A00F3BD22 /* Models */ = {
			isa = PBXGroup;
			children = (
				D90F593B1A19F833008F2DCB /* SCRYapObject.h */,
				D9E6575D1A234363000E6301 /* SCRFeed.h */,
				D9E6575E1A234363000E6301 /* SCRFeed.m */,
				92BD50981A07A36A00F3BD22 /* SCRItem.h */,
				92BD50991A07A36A00F3BD22 /* SCRItem.m */,
			);
			name = Models;
			sourceTree = "<group>";
		};
		92BD509B1A07A38900F3BD22 /* Views */ = {
			isa = PBXGroup;
			children = (
				92C3F0911A80CDFB00DFA438 /* Feeds */,
				92BD509C1A07A38900F3BD22 /* SCRItemView.h */,
				92BD509D1A07A38900F3BD22 /* SCRItemView.m */,
				92BD509E1A07A38900F3BD22 /* SCRSourceView.h */,
				92BD509F1A07A38900F3BD22 /* SCRSourceView.m */,
				92BD50A01A07A38900F3BD22 /* SCRSourceView.xib */,
				92E7B96F1A41A30F0038DBCE /* SCRReceiveShareView.h */,
				92E7B9701A41A30F0038DBCE /* SCRReceiveShareView.m */,
				92E7B96D1A41A2AE0038DBCE /* SCRReceiveShareView.xib */,
				9279F8071A67E2940029572B /* SCRItemCellNoPhotos.xib */,
				9279F8091A67FBE50029572B /* SCRItemCellLandscapePhotos.xib */,
				920582861A6EA25000E152D9 /* SCRGradientBackgroundView.h */,
				920582871A6EA25000E152D9 /* SCRGradientBackgroundView.m */,
				920582891A6EA80900E152D9 /* SCRAuthorView.h */,
				9205828A1A6EA80900E152D9 /* SCRAuthorView.m */,
				9205828C1A6EA8F500E152D9 /* SCRAuthorView.xib */,
				929BE4BC1A7913A700641647 /* SCRLabel.h */,
				929BE4BD1A7913A700641647 /* SCRLabel.m */,
				929BE4BF1A79293900641647 /* SCRTextView.h */,
				929BE4C01A79293900641647 /* SCRTextView.m */,
				92B9E9701A9C5FE100A2BED9 /* SCRSegmentedControl.h */,
				92B9E9711A9C5FE100A2BED9 /* SCRSegmentedControl.m */,
			);
			path = Views;
			sourceTree = "<group>";
		};
		92BD50AA1A07A74500F3BD22 /* Temporary Files */ = {
			isa = PBXGroup;
			children = (
				9279F7FC1A67B4E90029572B /* ic_action2_chat.png */,
				9279F7FD1A67B4E90029572B /* ic_action2_favorite.png */,
				9279F7FE1A67B4E90029572B /* ic_action2_font.png */,
				9279F7FF1A67B4E90029572B /* ic_action2_share.png */,
				9284FA701A3899730085638D /* ic_panic_down.png */,
				9284FA711A3899730085638D /* ic_panic_down@2x.png */,
				9284FA721A3899730085638D /* ic_panic_lg.png */,
				9284FA731A3899730085638D /* ic_panic_lg@2x.png */,
				92A4D2A61A31FE720091479A /* ic_action_panic.png */,
				92A4D2A71A31FE720091479A /* ic_menu_chat.png */,
				92A4D2A81A31FE720091479A /* ic_menu_news.png */,
				92A4D2A91A31FE720091479A /* ic_menu_stories.png */,
				9239049D1A07E365004EEE7E /* background_debut_light.png */,
				92BD50AB1A07A74500F3BD22 /* ic_launcher.png */,
				92BD50AC1A07A74500F3BD22 /* img_local_share.png */,
				928036651A2776BE0081801A /* content.txt */,
			);
			path = "Temporary Files";
			sourceTree = "<group>";
		};
		92C3F0911A80CDFB00DFA438 /* Feeds */ = {
			isa = PBXGroup;
			children = (
				92D169711A30A5C200A84608 /* SCRFeedListCell.h */,
				92D169721A30A5C200A84608 /* SCRFeedListCell.m */,
				92C3F08F1A80CDE000DFA438 /* SCRFeedListCell.xib */,
			);
			name = Feeds;
			sourceTree = "<group>";
		};
		D90F59341A19EC43008F2DCB /* Feed */ = {
			isa = PBXGroup;
			children = (
				D90F59381A19F617008F2DCB /* SCRDatabaseManager.h */,
				D90F59391A19F617008F2DCB /* SCRDatabaseManager.m */,
				92BD50971A07A36A00F3BD22 /* Models */,
				D90F59351A19ECBE008F2DCB /* SCRFeedFetcher.h */,
				D90F59361A19ECBE008F2DCB /* SCRFeedFetcher.m */,
				92458CC51A6D4E4600C17EFA /* SCRReader.h */,
				92458CC61A6D4E4600C17EFA /* SCRReader.m */,
			);
			name = Feed;
			path = Models;
			sourceTree = "<group>";
		};
/* End PBXGroup section */

/* Begin PBXNativeTarget section */
		929EEF4619F4EB100020BD75 /* SecureReader */ = {
			isa = PBXNativeTarget;
			buildConfigurationList = 929EEF6D19F4EB100020BD75 /* Build configuration list for PBXNativeTarget "SecureReader" */;
			buildPhases = (
				D27D80F624E773047707F3B5 /* Check Pods Manifest.lock */,
				929EEF4319F4EB100020BD75 /* Sources */,
				929EEF4419F4EB100020BD75 /* Frameworks */,
				929EEF4519F4EB100020BD75 /* Resources */,
				C5AB72CC0F5F85F53100A8D7 /* Copy Pods Resources */,
			);
			buildRules = (
			);
			dependencies = (
			);
			name = SecureReader;
			productName = SecureReader;
			productReference = 929EEF4719F4EB100020BD75 /* SecureReader.app */;
			productType = "com.apple.product-type.application";
		};
		929EEF6219F4EB100020BD75 /* SecureReaderTests */ = {
			isa = PBXNativeTarget;
			buildConfigurationList = 929EEF7019F4EB100020BD75 /* Build configuration list for PBXNativeTarget "SecureReaderTests" */;
			buildPhases = (
				929EEF5F19F4EB100020BD75 /* Sources */,
				929EEF6019F4EB100020BD75 /* Frameworks */,
				929EEF6119F4EB100020BD75 /* Resources */,
			);
			buildRules = (
			);
			dependencies = (
				929EEF6519F4EB100020BD75 /* PBXTargetDependency */,
			);
			name = SecureReaderTests;
			productName = SecureReaderTests;
			productReference = 929EEF6319F4EB100020BD75 /* SecureReaderTests.xctest */;
			productType = "com.apple.product-type.bundle.unit-test";
		};
/* End PBXNativeTarget section */

/* Begin PBXProject section */
		929EEF3F19F4EB100020BD75 /* Project object */ = {
			isa = PBXProject;
			attributes = {
				LastUpgradeCheck = 0600;
				ORGANIZATIONNAME = "Guardian Project";
				TargetAttributes = {
					929EEF4619F4EB100020BD75 = {
						CreatedOnToolsVersion = 6.0.1;
					};
					929EEF6219F4EB100020BD75 = {
						CreatedOnToolsVersion = 6.0.1;
						TestTargetID = 929EEF4619F4EB100020BD75;
					};
				};
			};
			buildConfigurationList = 929EEF4219F4EB100020BD75 /* Build configuration list for PBXProject "SecureReader" */;
			compatibilityVersion = "Xcode 3.2";
			developmentRegion = English;
			hasScannedForEncodings = 0;
			knownRegions = (
				en,
				Base,
				sv,
			);
			mainGroup = 929EEF3E19F4EB100020BD75;
			productRefGroup = 929EEF4819F4EB100020BD75 /* Products */;
			projectDirPath = "";
			projectRoot = "";
			targets = (
				929EEF4619F4EB100020BD75 /* SecureReader */,
				929EEF6219F4EB100020BD75 /* SecureReaderTests */,
			);
		};
/* End PBXProject section */

/* Begin PBXResourcesBuildPhase section */
		929EEF4519F4EB100020BD75 /* Resources */ = {
			isa = PBXResourcesBuildPhase;
			buildActionMask = 2147483647;
			files = (
				929EEF8C19F4FC9D0020BD75 /* Localizable.strings in Resources */,
				92E7B96E1A41A2AE0038DBCE /* SCRReceiveShareView.xib in Resources */,
				9284FA741A3899730085638D /* ic_panic_down.png in Resources */,
				929EEF5919F4EB100020BD75 /* Main.storyboard in Resources */,
				9279F8031A67B4E90029572B /* ic_action2_share.png in Resources */,
				9239049E1A07E365004EEE7E /* background_debut_light.png in Resources */,
				9279F8021A67B4E90029572B /* ic_action2_font.png in Resources */,
				9284FA761A3899730085638D /* ic_panic_lg.png in Resources */,
				9279F8001A67B4E90029572B /* ic_action2_chat.png in Resources */,
				9279F8081A67E2940029572B /* SCRItemCellNoPhotos.xib in Resources */,
				928036661A2776BE0081801A /* content.txt in Resources */,
				92A4D2AD1A31FE720091479A /* ic_menu_stories.png in Resources */,
				92C3F0901A80CDE000DFA438 /* SCRFeedListCell.xib in Resources */,
				924BBFC01A08DCEB00A32940 /* InAppSettings.bundle in Resources */,
				9279F8011A67B4E90029572B /* ic_action2_favorite.png in Resources */,
				9279F80A1A67FBE50029572B /* SCRItemCellLandscapePhotos.xib in Resources */,
				92A4D2AA1A31FE720091479A /* ic_action_panic.png in Resources */,
				9284FA771A3899730085638D /* ic_panic_lg@2x.png in Resources */,
				9284FA751A3899730085638D /* ic_panic_down@2x.png in Resources */,
				92A4D2AB1A31FE720091479A /* ic_menu_chat.png in Resources */,
				929EEF5E19F4EB100020BD75 /* LaunchScreen.xib in Resources */,
				929EEF8719F4F5F30020BD75 /* Styles.plist in Resources */,
				929EEF5B19F4EB100020BD75 /* Images.xcassets in Resources */,
				92BD50AD1A07A74500F3BD22 /* ic_launcher.png in Resources */,
				92BD50A31A07A38900F3BD22 /* SCRSourceView.xib in Resources */,
				9205828D1A6EA8F500E152D9 /* SCRAuthorView.xib in Resources */,
				92BD50AE1A07A74500F3BD22 /* img_local_share.png in Resources */,
				92A4D2AC1A31FE720091479A /* ic_menu_news.png in Resources */,
			);
			runOnlyForDeploymentPostprocessing = 0;
		};
		929EEF6119F4EB100020BD75 /* Resources */ = {
			isa = PBXResourcesBuildPhase;
			buildActionMask = 2147483647;
			files = (
			);
			runOnlyForDeploymentPostprocessing = 0;
		};
/* End PBXResourcesBuildPhase section */

/* Begin PBXShellScriptBuildPhase section */
		C5AB72CC0F5F85F53100A8D7 /* Copy Pods Resources */ = {
			isa = PBXShellScriptBuildPhase;
			buildActionMask = 2147483647;
			files = (
			);
			inputPaths = (
			);
			name = "Copy Pods Resources";
			outputPaths = (
			);
			runOnlyForDeploymentPostprocessing = 0;
			shellPath = /bin/sh;
			shellScript = "\"${SRCROOT}/Pods/Target Support Files/Pods/Pods-resources.sh\"\n";
			showEnvVarsInLog = 0;
		};
		D27D80F624E773047707F3B5 /* Check Pods Manifest.lock */ = {
			isa = PBXShellScriptBuildPhase;
			buildActionMask = 2147483647;
			files = (
			);
			inputPaths = (
			);
			name = "Check Pods Manifest.lock";
			outputPaths = (
			);
			runOnlyForDeploymentPostprocessing = 0;
			shellPath = /bin/sh;
			shellScript = "diff \"${PODS_ROOT}/../Podfile.lock\" \"${PODS_ROOT}/Manifest.lock\" > /dev/null\nif [[ $? != 0 ]] ; then\n    cat << EOM\nerror: The sandbox is not in sync with the Podfile.lock. Run 'pod install' or update your CocoaPods installation.\nEOM\n    exit 1\nfi\n";
			showEnvVarsInLog = 0;
		};
/* End PBXShellScriptBuildPhase section */

/* Begin PBXSourcesBuildPhase section */
		929EEF4319F4EB100020BD75 /* Sources */ = {
			isa = PBXSourcesBuildPhase;
			buildActionMask = 2147483647;
			files = (
				92BD509A1A07A36A00F3BD22 /* SCRItem.m in Sources */,
				92458CC71A6D4E4600C17EFA /* SCRReader.m in Sources */,
				92E7B9711A41A30F0038DBCE /* SCRReceiveShareView.m in Sources */,
				D90F593A1A19F617008F2DCB /* SCRDatabaseManager.m in Sources */,
				92BD50A11A07A38900F3BD22 /* SCRItemView.m in Sources */,
				929BE4BE1A7913A700641647 /* SCRLabel.m in Sources */,
				92A4D2A51A31F1D40091479A /* SCRPanicViewController.m in Sources */,
				929EEF9319F5110D0020BD75 /* SCRCreatePassphraseViewController.m in Sources */,
				92B23C4C1A5D442F00FFD963 /* SCRAllFeedsViewController.m in Sources */,
				92E7B96C1A4186D60038DBCE /* SCRItemViewControllerSegue.m in Sources */,
				92D169731A30A5C200A84608 /* SCRFeedListCell.m in Sources */,
				92E7B9741A41C8E60038DBCE /* SCRReceiveShareViewController.m in Sources */,
				D9E6575F1A234363000E6301 /* SCRFeed.m in Sources */,
				928036691A27D4FF0081801A /* SCRItemPageViewController.m in Sources */,
				929EEF8119F4F5940020BD75 /* SCRSelectLanguageViewController.m in Sources */,
				920582881A6EA25000E152D9 /* SCRGradientBackgroundView.m in Sources */,
				9205828B1A6EA80900E152D9 /* SCRAuthorView.m in Sources */,
				92B9E9721A9C5FE100A2BED9 /* SCRSegmentedControl.m in Sources */,
				929EEF5019F4EB100020BD75 /* SCRAppDelegate.m in Sources */,
				92C458391A233EAA00835B10 /* SCRItemViewController.m in Sources */,
				92B23C4F1A5D823700FFD963 /* SCRFavoritesViewController.m in Sources */,
				929EEF4D19F4EB100020BD75 /* main.m in Sources */,
				92B23C491A5D303800FFD963 /* SCRMainViewController.m in Sources */,
				929EEF8219F4F5940020BD75 /* NSBundle+Language.m in Sources */,
				929EEF8019F4F5940020BD75 /* SCRLoginViewController.m in Sources */,
				D90F59371A19ECBE008F2DCB /* SCRFeedFetcher.m in Sources */,
				922DC28019FE920C00FB1274 /* SCRFeedViewController.m in Sources */,
				92C28DD719F5B26C00E39BDD /* SCRApplication.m in Sources */,
				929EEF9619F549080020BD75 /* SCRNavigationController.m in Sources */,
				9279F8061A67B9300029572B /* UIBarItem+Theming.m in Sources */,
				929EEF8419F4F5940020BD75 /* SCRTheme.m in Sources */,
				925AE5801A404161001E182F /* SCRMoreViewController.m in Sources */,
				929BE4C11A79293900641647 /* SCRTextView.m in Sources */,
				D9317B891A886A95005DA904 /* NSFormatter+SecureReader.m in Sources */,
				929EEF8519F4F5940020BD75 /* UIView+Theming.m in Sources */,
				921135771A7A70D40049D82B /* SCRFeedListViewController.m in Sources */,
				929EEF8319F4F5940020BD75 /* SCRSettings.m in Sources */,
				92BD50A21A07A38900F3BD22 /* SCRSourceView.m in Sources */,
			);
			runOnlyForDeploymentPostprocessing = 0;
		};
		929EEF5F19F4EB100020BD75 /* Sources */ = {
			isa = PBXSourcesBuildPhase;
			buildActionMask = 2147483647;
			files = (
				929EEF6A19F4EB100020BD75 /* SecureReaderTests.m in Sources */,
			);
			runOnlyForDeploymentPostprocessing = 0;
		};
/* End PBXSourcesBuildPhase section */

/* Begin PBXTargetDependency section */
		929EEF6519F4EB100020BD75 /* PBXTargetDependency */ = {
			isa = PBXTargetDependency;
			target = 929EEF4619F4EB100020BD75 /* SecureReader */;
			targetProxy = 929EEF6419F4EB100020BD75 /* PBXContainerItemProxy */;
		};
/* End PBXTargetDependency section */

/* Begin PBXVariantGroup section */
		929EEF5719F4EB100020BD75 /* Main.storyboard */ = {
			isa = PBXVariantGroup;
			children = (
				929EEF5819F4EB100020BD75 /* Base */,
				929EEF8819F4F84D0020BD75 /* sv */,
			);
			name = Main.storyboard;
			sourceTree = "<group>";
		};
		929EEF5C19F4EB100020BD75 /* LaunchScreen.xib */ = {
			isa = PBXVariantGroup;
			children = (
				929EEF5D19F4EB100020BD75 /* Base */,
				929EEF8919F4F84D0020BD75 /* sv */,
			);
			name = LaunchScreen.xib;
			sourceTree = "<group>";
		};
		929EEF8E19F4FC9D0020BD75 /* Localizable.strings */ = {
			isa = PBXVariantGroup;
			children = (
				929EEF8D19F4FC9D0020BD75 /* Base */,
				929EEF8F19F4FCA40020BD75 /* sv */,
			);
			name = Localizable.strings;
			sourceTree = "<group>";
		};
/* End PBXVariantGroup section */

/* Begin XCBuildConfiguration section */
		929EEF6B19F4EB100020BD75 /* Debug */ = {
			isa = XCBuildConfiguration;
			buildSettings = {
				ALWAYS_SEARCH_USER_PATHS = NO;
				CLANG_CXX_LANGUAGE_STANDARD = "gnu++0x";
				CLANG_CXX_LIBRARY = "libc++";
				CLANG_ENABLE_MODULES = YES;
				CLANG_ENABLE_OBJC_ARC = YES;
				CLANG_WARN_BOOL_CONVERSION = YES;
				CLANG_WARN_CONSTANT_CONVERSION = YES;
				CLANG_WARN_DIRECT_OBJC_ISA_USAGE = YES_ERROR;
				CLANG_WARN_EMPTY_BODY = YES;
				CLANG_WARN_ENUM_CONVERSION = YES;
				CLANG_WARN_INT_CONVERSION = YES;
				CLANG_WARN_OBJC_ROOT_CLASS = YES_ERROR;
				CLANG_WARN_UNREACHABLE_CODE = YES;
				CLANG_WARN__DUPLICATE_METHOD_MATCH = YES;
				"CODE_SIGN_IDENTITY[sdk=iphoneos*]" = "iPhone Developer";
				COPY_PHASE_STRIP = NO;
				ENABLE_STRICT_OBJC_MSGSEND = YES;
				GCC_C_LANGUAGE_STANDARD = gnu99;
				GCC_DYNAMIC_NO_PIC = NO;
				GCC_OPTIMIZATION_LEVEL = 0;
				GCC_PREPROCESSOR_DEFINITIONS = (
					"DEBUG=1",
					"$(inherited)",
				);
				GCC_SYMBOLS_PRIVATE_EXTERN = NO;
				GCC_WARN_64_TO_32_BIT_CONVERSION = YES;
				GCC_WARN_ABOUT_RETURN_TYPE = YES_ERROR;
				GCC_WARN_UNDECLARED_SELECTOR = YES;
				GCC_WARN_UNINITIALIZED_AUTOS = YES_AGGRESSIVE;
				GCC_WARN_UNUSED_FUNCTION = YES;
				GCC_WARN_UNUSED_VARIABLE = YES;
				IPHONEOS_DEPLOYMENT_TARGET = 8.0;
				MTL_ENABLE_DEBUG_INFO = YES;
				ONLY_ACTIVE_ARCH = YES;
				SDKROOT = iphoneos;
				TARGETED_DEVICE_FAMILY = "1,2";
			};
			name = Debug;
		};
		929EEF6C19F4EB100020BD75 /* Release */ = {
			isa = XCBuildConfiguration;
			buildSettings = {
				ALWAYS_SEARCH_USER_PATHS = NO;
				CLANG_CXX_LANGUAGE_STANDARD = "gnu++0x";
				CLANG_CXX_LIBRARY = "libc++";
				CLANG_ENABLE_MODULES = YES;
				CLANG_ENABLE_OBJC_ARC = YES;
				CLANG_WARN_BOOL_CONVERSION = YES;
				CLANG_WARN_CONSTANT_CONVERSION = YES;
				CLANG_WARN_DIRECT_OBJC_ISA_USAGE = YES_ERROR;
				CLANG_WARN_EMPTY_BODY = YES;
				CLANG_WARN_ENUM_CONVERSION = YES;
				CLANG_WARN_INT_CONVERSION = YES;
				CLANG_WARN_OBJC_ROOT_CLASS = YES_ERROR;
				CLANG_WARN_UNREACHABLE_CODE = YES;
				CLANG_WARN__DUPLICATE_METHOD_MATCH = YES;
				"CODE_SIGN_IDENTITY[sdk=iphoneos*]" = "iPhone Developer";
				COPY_PHASE_STRIP = YES;
				ENABLE_NS_ASSERTIONS = NO;
				ENABLE_STRICT_OBJC_MSGSEND = YES;
				GCC_C_LANGUAGE_STANDARD = gnu99;
				GCC_WARN_64_TO_32_BIT_CONVERSION = YES;
				GCC_WARN_ABOUT_RETURN_TYPE = YES_ERROR;
				GCC_WARN_UNDECLARED_SELECTOR = YES;
				GCC_WARN_UNINITIALIZED_AUTOS = YES_AGGRESSIVE;
				GCC_WARN_UNUSED_FUNCTION = YES;
				GCC_WARN_UNUSED_VARIABLE = YES;
				IPHONEOS_DEPLOYMENT_TARGET = 8.0;
				MTL_ENABLE_DEBUG_INFO = NO;
				SDKROOT = iphoneos;
				TARGETED_DEVICE_FAMILY = "1,2";
				VALIDATE_PRODUCT = YES;
			};
			name = Release;
		};
		929EEF6E19F4EB100020BD75 /* Debug */ = {
			isa = XCBuildConfiguration;
			baseConfigurationReference = DBA503BDF49A23BF85C3B2EA /* Pods.debug.xcconfig */;
			buildSettings = {
				ASSETCATALOG_COMPILER_APPICON_NAME = AppIcon;
				INFOPLIST_FILE = SecureReader/Info.plist;
				IPHONEOS_DEPLOYMENT_TARGET = 7.0;
				LD_RUNPATH_SEARCH_PATHS = "$(inherited) @executable_path/Frameworks";
				PRODUCT_NAME = "$(TARGET_NAME)";
			};
			name = Debug;
		};
		929EEF6F19F4EB100020BD75 /* Release */ = {
			isa = XCBuildConfiguration;
			baseConfigurationReference = A21561AE6A5B97BAE0C7EADE /* Pods.release.xcconfig */;
			buildSettings = {
				ASSETCATALOG_COMPILER_APPICON_NAME = AppIcon;
				INFOPLIST_FILE = SecureReader/Info.plist;
				IPHONEOS_DEPLOYMENT_TARGET = 7.0;
				LD_RUNPATH_SEARCH_PATHS = "$(inherited) @executable_path/Frameworks";
				PRODUCT_NAME = "$(TARGET_NAME)";
				PROVISIONING_PROFILE = "99197ed1-4190-411e-a9ab-8a79a2cf4c90";
			};
			name = Release;
		};
		929EEF7119F4EB100020BD75 /* Debug */ = {
			isa = XCBuildConfiguration;
			buildSettings = {
				BUNDLE_LOADER = "$(TEST_HOST)";
				FRAMEWORK_SEARCH_PATHS = (
					"$(SDKROOT)/Developer/Library/Frameworks",
					"$(inherited)",
				);
				GCC_PREPROCESSOR_DEFINITIONS = (
					"DEBUG=1",
					"$(inherited)",
				);
				INFOPLIST_FILE = SecureReaderTests/Info.plist;
				LD_RUNPATH_SEARCH_PATHS = "$(inherited) @executable_path/Frameworks @loader_path/Frameworks";
				PRODUCT_NAME = "$(TARGET_NAME)";
				TEST_HOST = "$(BUILT_PRODUCTS_DIR)/SecureReader.app/SecureReader";
			};
			name = Debug;
		};
		929EEF7219F4EB100020BD75 /* Release */ = {
			isa = XCBuildConfiguration;
			buildSettings = {
				BUNDLE_LOADER = "$(TEST_HOST)";
				FRAMEWORK_SEARCH_PATHS = (
					"$(SDKROOT)/Developer/Library/Frameworks",
					"$(inherited)",
				);
				INFOPLIST_FILE = SecureReaderTests/Info.plist;
				LD_RUNPATH_SEARCH_PATHS = "$(inherited) @executable_path/Frameworks @loader_path/Frameworks";
				PRODUCT_NAME = "$(TARGET_NAME)";
				TEST_HOST = "$(BUILT_PRODUCTS_DIR)/SecureReader.app/SecureReader";
			};
			name = Release;
		};
/* End XCBuildConfiguration section */

/* Begin XCConfigurationList section */
		929EEF4219F4EB100020BD75 /* Build configuration list for PBXProject "SecureReader" */ = {
			isa = XCConfigurationList;
			buildConfigurations = (
				929EEF6B19F4EB100020BD75 /* Debug */,
				929EEF6C19F4EB100020BD75 /* Release */,
			);
			defaultConfigurationIsVisible = 0;
			defaultConfigurationName = Release;
		};
		929EEF6D19F4EB100020BD75 /* Build configuration list for PBXNativeTarget "SecureReader" */ = {
			isa = XCConfigurationList;
			buildConfigurations = (
				929EEF6E19F4EB100020BD75 /* Debug */,
				929EEF6F19F4EB100020BD75 /* Release */,
			);
			defaultConfigurationIsVisible = 0;
			defaultConfigurationName = Release;
		};
		929EEF7019F4EB100020BD75 /* Build configuration list for PBXNativeTarget "SecureReaderTests" */ = {
			isa = XCConfigurationList;
			buildConfigurations = (
				929EEF7119F4EB100020BD75 /* Debug */,
				929EEF7219F4EB100020BD75 /* Release */,
			);
			defaultConfigurationIsVisible = 0;
			defaultConfigurationName = Release;
		};
/* End XCConfigurationList section */
	};
	rootObject = 929EEF3F19F4EB100020BD75 /* Project object */;
}
